{
    "_meta": {
        "hash": {
            "sha256": "f2ee16d0b2bc962f564b12c486bc14e9094c7d841355df8e1873e8b2f7c04d41"
        },
        "pipfile-spec": 6,
        "requires": {
            "python_version": "3.8"
        },
        "sources": [
            {
                "name": "pypi",
                "url": "https://pypi.org/simple",
                "verify_ssl": true
            }
        ]
    },
    "default": {
        "absl-py": {
            "hashes": [
                "sha256:75e737d6ce7723d9ff9b7aa1ba3233c34be62ef18d5859e706b8fdc828989830"
            ],
            "version": "==0.9.0"
        },
        "appdirs": {
            "hashes": [
                "sha256:7d5d0167b2b1ba821647616af46a749d1c653740dd0d2415100fe26e27afdf41",
                "sha256:a841dacd6b99318a741b166adb07e19ee71a274450e68237b4650ca1055ab128"
            ],
            "version": "==1.4.4"
        },
        "astunparse": {
            "hashes": [
                "sha256:5ad93a8456f0d084c3456d059fd9a92cce667963232cbf763eac3bc5b7940872",
                "sha256:c2652417f2c8b5bb325c885ae329bdf3f86424075c4fd1a128674bc6fba4b8e8"
            ],
            "version": "==1.6.3"
        },
        "cachetools": {
            "hashes": [
                "sha256:1d057645db16ca7fe1f3bd953558897603d6f0b9c51ed9d11eb4d071ec4e2aab",
                "sha256:de5d88f87781602201cde465d3afe837546663b168e8b39df67411b0bf10cefc"
            ],
            "version": "==4.1.0"
        },
        "certifi": {
            "hashes": [
                "sha256:1d987a998c75633c40847cc966fcf5904906c920a7f17ef374f5aa4282abd304",
                "sha256:51fcb31174be6e6664c5f69e3e1691a2d72a1a12e90f872cbdb1567eb47b6519"
            ],
            "version": "==2020.4.5.1"
        },
        "chardet": {
            "hashes": [
                "sha256:84ab92ed1c4d4f16916e05906b6b75a6c0fb5db821cc65e70cbd64a3e2a5eaae",
                "sha256:fc323ffcaeaed0e0a02bf4d117757b98aed530d9ed4531e3e15460124c106691"
            ],
            "version": "==3.0.4"
        },
        "chars2vec": {
            "hashes": [
                "sha256:df05b0765e406e1bdb9f9537adf7fccb24db4a81956aea5c25a707a03a6a8094"
            ],
            "index": "pypi",
            "version": "==0.1.7"
        },
        "colour": {
            "hashes": [
                "sha256:33f6db9d564fadc16e59921a56999b79571160ce09916303d35346dddc17978c",
                "sha256:af20120fefd2afede8b001fbef2ea9da70ad7d49fafdb6489025dae8745c3aee"
            ],
            "index": "pypi",
            "version": "==0.1.5"
        },
        "cycler": {
            "hashes": [
                "sha256:1d8a5ae1ff6c5cf9b93e8811e581232ad8920aeec647c37316ceac982b08cb2d",
                "sha256:cd7b2d1018258d7247a71425e9f26463dfb444d411c39569972f4ce586b0c9d8"
            ],
            "version": "==0.10.0"
        },
        "decorator": {
            "hashes": [
                "sha256:41fa54c2a0cc4ba648be4fd43cff00aedf5b9465c9bf18d64325bc225f08f760",
                "sha256:e3a62f0520172440ca0dcc823749319382e377f37f140a0b99ef45fecb84bfe7"
            ],
            "version": "==4.4.2"
        },
        "future": {
            "hashes": [
                "sha256:b1bead90b70cf6ec3f0710ae53a525360fa360d306a86583adc6bf83a4db537d"
            ],
            "version": "==0.18.2"
        },
        "gast": {
            "hashes": [
                "sha256:8f46f5be57ae6889a4e16e2ca113b1703ef17f2b0abceb83793eaba9e1351a45",
                "sha256:b881ef288a49aa81440d2c5eb8aeefd4c2bb8993d5f50edae7413a85bfdb3b57"
            ],
            "version": "==0.3.3"
        },
        "google-auth": {
            "hashes": [
                "sha256:4942ab1ff530e740866571c0416fb5a7dc9ec53233a8f8dff63e8cd7371003d1",
                "sha256:82d32f6601f35309c95d5917bcdf72f3ec193c7f46c79e433b8d76ccbe68e21d"
            ],
            "version": "==1.14.3"
        },
        "google-auth-oauthlib": {
            "hashes": [
                "sha256:88d2cd115e3391eb85e1243ac6902e76e77c5fe438b7276b297fbe68015458dd",
                "sha256:a92a0f6f41a0fb6138454fbc02674e64f89d82a244ea32f98471733c8ef0e0e1"
            ],
            "version": "==0.4.1"
        },
        "google-pasta": {
            "hashes": [
                "sha256:4612951da876b1a10fe3960d7226f0c7682cf901e16ac06e473b267a5afa8954",
                "sha256:b32482794a366b5366a32c92a9a9201b107821889935a02b3e51f6b432ea84ed",
                "sha256:c9f2c8dfc8f96d0d5808299920721be30c9eec37f2389f28904f454565c8a16e"
            ],
            "version": "==0.2.0"
        },
        "grpcio": {
            "hashes": [
                "sha256:085bbf7fd0070b8d65e84aa32979f17cfe624d27b5ce23955ef770c19d2d9623",
                "sha256:0ae207a47ec0ad66eb1f53a27d566674d13a236c62ced409891335318ea9b8c5",
                "sha256:0c130204ff5de0b9f041bf3126db0d29369d69883592e4b0d3c19868ba0ced7e",
                "sha256:0ef6b380a588c2c6b29c6cfa0ba7f5d367beb33d5504bcc68658fa241ad498d2",
                "sha256:16e1edb367763ea08d0994d4635ec05f4f8db9db59c39304b061097e3b93df43",
                "sha256:16f5523dacae5aaeda4cf900da7e980747f663298c38c18eb4e5317704aa007a",
                "sha256:181b5078cf568f37915b8a118afcef5fc9f3128c59c38998ed93e7dd793e3928",
                "sha256:245564713cb4ac7bccb0f11be63781beb62299a44d8ab69031c859dbd9461728",
                "sha256:271abbe28eb99fa5c70b3f272c0c66b67dab7bb11e1d29d8e616b4e0e099d29a",
                "sha256:2e1b01cba26988c811c7fb91a0bca19c9afb776cc3d228993f08d324bdd0510a",
                "sha256:3366bd6412c1e73acb1ee27d7f0c7d7dbee118ad8d98c957c8173691b2effeec",
                "sha256:3893b39a0a17d857dc3a42fdb02a26aa53a59bfce49987187bcc0261647f1f55",
                "sha256:3c7864d5ae63b787001b01b376f6315aef1a015aa9c809535235ed0ead907919",
                "sha256:42c6716adf3ec1f608b2b56e885f26dd86e80d2fc1617f51fc92d1b0b649e28e",
                "sha256:4bef0756b9e0df78e8d67a5b1e0e89b7daf41525d575f74e1f14a993c55b680d",
                "sha256:4fe081862e58b8fbef0e479aefc9a64f8f17f53074df1085d8c1fe825a6e5df4",
                "sha256:505a8d1b4ac571a51f10c4c995d5d4714f03c886604dc3c097ef5fd57bcfcf0b",
                "sha256:5c2e81b6ab9768c43f2ca1c9a4c925823aad79ae95efb351007df4b92ebce592",
                "sha256:70ff2df0c1795c5cf585a72d95bb458838b40bad5653c314b9067ba819e918f9",
                "sha256:97b5612fc5d4bbf0490a2d80bed5eab5b59112ef1640440c1a9ac824bafa6968",
                "sha256:a35f8f4a0334ed8b05db90383aecef8e49923ab430689a4360a74052f3a89cf4",
                "sha256:aafe85a8210dfa1da3c46831b7f00c3735240b7b028eeba339eaea6ffdb593fb",
                "sha256:c2e53eb253840f05278a8410628419ba7060815f86d48c9d83b6047de21c9956",
                "sha256:c3645887db3309fc87c3db740b977d403fb265ebab292f1f6a926c4661231fd5",
                "sha256:c6565cc92853af13237b2233f331efdad07339d27fe1f5f74256bfde7dc2f587",
                "sha256:cbc322c5d5615e67c2a15be631f64e6c2bab8c12505bc7c150948abdaa0bdbac",
                "sha256:df749ee982ec35ab76d37a1e637b10a92b4573e2b4e1f86a5fa8a1273c40a850",
                "sha256:e9439d7b801c86df13c6cbb4c5a7e181c058f3c119d5e119a94a5f3090a8f060",
                "sha256:f493ac4754717f25ace3614a51dd408a32b8bff3c9c0c85e9356e7e0a120a8c8",
                "sha256:f80d10bdf1a306f7063046321fd4efc7732a606acdd4e6259b8a37349079b704",
                "sha256:f83b0c91796eb42865451a20e82246011078ba067ea0744f7301e12a94ae2e1b"
            ],
            "version": "==1.28.1"
        },
        "h5py": {
            "hashes": [
                "sha256:063947eaed5f271679ed4ffa36bb96f57bc14f44dd4336a827d9a02702e6ce6b",
                "sha256:13c87efa24768a5e24e360a40e0bc4c49bcb7ce1bb13a3a7f9902cec302ccd36",
                "sha256:16ead3c57141101e3296ebeed79c9c143c32bdd0e82a61a2fc67e8e6d493e9d1",
                "sha256:3dad1730b6470fad853ef56d755d06bb916ee68a3d8272b3bab0c1ddf83bb99e",
                "sha256:51ae56894c6c93159086ffa2c94b5b3388c0400548ab26555c143e7cfa05b8e5",
                "sha256:54817b696e87eb9e403e42643305f142cd8b940fe9b3b490bbf98c3b8a894cf4",
                "sha256:549ad124df27c056b2e255ea1c44d30fb7a17d17676d03096ad5cd85edb32dc1",
                "sha256:64f74da4a1dd0d2042e7d04cf8294e04ddad686f8eba9bb79e517ae582f6668d",
                "sha256:6998be619c695910cb0effe5eb15d3a511d3d1a5d217d4bd0bebad1151ec2262",
                "sha256:6ef7ab1089e3ef53ca099038f3c0a94d03e3560e6aff0e9d6c64c55fb13fc681",
                "sha256:769e141512b54dee14ec76ed354fcacfc7d97fea5a7646b709f7400cf1838630",
                "sha256:79b23f47c6524d61f899254f5cd5e486e19868f1823298bc0c29d345c2447172",
                "sha256:7be5754a159236e95bd196419485343e2b5875e806fe68919e087b6351f40a70",
                "sha256:84412798925dc870ffd7107f045d7659e60f5d46d1c70c700375248bf6bf512d",
                "sha256:86868dc07b9cc8cb7627372a2e6636cdc7a53b7e2854ad020c9e9d8a4d3fd0f5",
                "sha256:8bb1d2de101f39743f91512a9750fb6c351c032e5cd3204b4487383e34da7f75",
                "sha256:a5f82cd4938ff8761d9760af3274acf55afc3c91c649c50ab18fcff5510a14a5",
                "sha256:aac4b57097ac29089f179bbc2a6e14102dd210618e94d77ee4831c65f82f17c0",
                "sha256:bffbc48331b4a801d2f4b7dac8a72609f0b10e6e516e5c480a3e3241e091c878",
                "sha256:c0d4b04bbf96c47b6d360cd06939e72def512b20a18a8547fa4af810258355d5",
                "sha256:c54a2c0dd4957776ace7f95879d81582298c5daf89e77fb8bee7378f132951de",
                "sha256:cbf28ae4b5af0f05aa6e7551cee304f1d317dbed1eb7ac1d827cee2f1ef97a99",
                "sha256:d35f7a3a6cefec82bfdad2785e78359a0e6a5fbb3f605dd5623ce88082ccd681",
                "sha256:d3c59549f90a891691991c17f8e58c8544060fdf3ccdea267100fa5f561ff62f",
                "sha256:d7ae7a0576b06cb8e8a1c265a8bc4b73d05fdee6429bffc9a26a6eb531e79d72",
                "sha256:ecf4d0b56ee394a0984de15bceeb97cbe1fe485f1ac205121293fc44dcf3f31f",
                "sha256:f0e25bb91e7a02efccb50aba6591d3fe2c725479e34769802fcdd4076abfa917",
                "sha256:f23951a53d18398ef1344c186fb04b26163ca6ce449ebd23404b153fd111ded9",
                "sha256:ff7d241f866b718e4584fa95f520cb19405220c501bd3a53ee11871ba5166ea2"
            ],
            "version": "==2.10.0"
        },
        "idna": {
            "hashes": [
                "sha256:7588d1c14ae4c77d74036e8c22ff447b26d0fde8f007354fd48a7814db15b7cb",
                "sha256:a068a21ceac8a4d63dbfd964670474107f541babbd2250d61922f029858365fa"
            ],
            "version": "==2.9"
        },
        "imagecodecs": {
            "hashes": [
                "sha256:0538f7a4def1f6745b2d83d21883dcd61e82bc8faaca810e3a35e6b551b455d1",
                "sha256:22f3c39755752fe3a91a92fcf24002ca57a51efca1ab99e9919cf783f90b4026",
                "sha256:286b87ee09506c35f099585e6b5ce245fb62c2a826aac4e0497cdfdfba631cc7",
                "sha256:2bda6c7b13be73dfd202b3c23dc4b3003fdc02209835e348e4bd31ddca124d76",
                "sha256:2c130b89fcb70bab3aa57ee0671423ab0e053c6ff7ed26646bf425592fa3116d",
                "sha256:6275213bd611156fa2fd73ce81b29ca708c4344d36fe3686f567cd104ccf4d18",
                "sha256:6f63ae2592086b1abbd40b699816c054dc7aad616df2b14c2e15cd2372b77653",
                "sha256:91eb82b0167ff022a6a8dcf86e5871b635bfbe96801557e00d6b1e2a10ac25dd",
                "sha256:9742b392640c1b2d05c6aaad956bd7e3bf461c7e0f403f7b25ee464a5c949c8c",
                "sha256:9a9abc5498121f0005fb00dfbed57a062337445d32a39569e4378286b503125b",
                "sha256:adc09e5f9af6927eccc35d60ae1ec422cd9791cee4d5456d39af6903dff19477",
                "sha256:c019b19438dff31365fee3002b438992c16bc9955a036f466c600d80699cb5a2",
                "sha256:c5667d4b8e97cf10b3754f5e8159d60620cdd35052ffc298346273d42284430f",
                "sha256:c7367e01a199228b6526f05dc7fe7a85adac19f1b19e08a99edbdd2523cfcdc4",
                "sha256:cf855a00bf5cb5a7cf1d608e7588ddc535d714e5422c3095dd811829b559f237",
                "sha256:d1b0b2de7be918a8eada62c8d2339931381c86dbd43216a064e35ace5957e350",
                "sha256:e0f3cfc2fc77c19118e173dca6af0dbed4a3cef75d3296762db687fd00fb7921",
                "sha256:e8f460145258a28544d4119f58cab2daf87ac6653429ab9df7dff7d2cc30714f",
                "sha256:eedf5be2c9c65a0d92970bda98dfd7e9525c137e631e1956753bb6ce369b08f9",
                "sha256:f6722cd6a73501c508b361f485259f172898d3cf2530e6de71f3e89394a0a713",
                "sha256:f6ac9dd40e1cdb72842fb72f147e8a51a1874c8f375629524566b388e841be20",
                "sha256:fbdd0d42aa3c984377421767a892e77c40249870425aca0ba5629bdcd57d3ae4"
            ],
            "version": "==2020.2.18"
        },
        "imageio": {
            "hashes": [
                "sha256:1e4ab29b3775bb093c7a35854a0412857145450183344678829b30e72263b001",
                "sha256:fb5fd6d3d17126bbaac9af29fe340e2c97a196eb9416d4f28c0e543744a152cf"
            ],
            "version": "==2.8.0"
        },
        "keras-preprocessing": {
            "hashes": [
                "sha256:138012da7bbc5508d59681515636c01618644322db08c1f4c6d66e63de8ddb73",
                "sha256:c0b1ebe444e46075a9079629fa0e0d0fb1d681b4a72340ca5406b574894276a5"
            ],
            "version": "==1.1.1"
        },
        "kiwisolver": {
            "hashes": [
                "sha256:03662cbd3e6729f341a97dd2690b271e51a67a68322affab12a5b011344b973c",
                "sha256:18d749f3e56c0480dccd1714230da0f328e6e4accf188dd4e6884bdd06bf02dd",
                "sha256:247800260cd38160c362d211dcaf4ed0f7816afb5efe56544748b21d6ad6d17f",
                "sha256:443c2320520eda0a5b930b2725b26f6175ca4453c61f739fef7a5847bd262f74",
                "sha256:4eadb361baf3069f278b055e3bb53fa189cea2fd02cb2c353b7a99ebb4477ef1",
                "sha256:556da0a5f60f6486ec4969abbc1dd83cf9b5c2deadc8288508e55c0f5f87d29c",
                "sha256:603162139684ee56bcd57acc74035fceed7dd8d732f38c0959c8bd157f913fec",
                "sha256:60a78858580761fe611d22127868f3dc9f98871e6fdf0a15cc4203ed9ba6179b",
                "sha256:7cc095a4661bdd8a5742aaf7c10ea9fac142d76ff1770a0f84394038126d8fc7",
                "sha256:c31bc3c8e903d60a1ea31a754c72559398d91b5929fcb329b1c3a3d3f6e72113",
                "sha256:c955791d80e464da3b471ab41eb65cf5a40c15ce9b001fdc5bbc241170de58ec",
                "sha256:d069ef4b20b1e6b19f790d00097a5d5d2c50871b66d10075dab78938dc2ee2cf",
                "sha256:d52b989dc23cdaa92582ceb4af8d5bcc94d74b2c3e64cd6785558ec6a879793e",
                "sha256:e586b28354d7b6584d8973656a7954b1c69c93f708c0c07b77884f91640b7657",
                "sha256:efcf3397ae1e3c3a4a0a0636542bcad5adad3b1dd3e8e629d0b6e201347176c8",
                "sha256:fccefc0d36a38c57b7bd233a9b485e2f1eb71903ca7ad7adacad6c28a56d62d2"
            ],
            "version": "==1.2.0"
        },
        "lmdb": {
            "hashes": [
                "sha256:00ef17fe432088e979f004aa09d3dc741b998b86f67dde5d35a474b065b33789",
                "sha256:0625bc28bf0893e6000a83be7234f915ca078c32f9e73d8ae48b3508db7af708",
                "sha256:11f70bde9f502b2843f9cab12d2d81080e6e5eefe8871c3011be7428802c1bd8",
                "sha256:15aa0ba7d3f17b6842ab1547e1224d9f444529d01e1bf443cc7d3f35445a98f4",
                "sha256:45db7b7da2e0b7122f0a140c9fb99cd6fd4bb734106b3e9390cf7caef0cb48ee",
                "sha256:6769750d08619d18e945e5cd16a129cc5fb1ac5a55a9745ed4f8cbebaed0895d",
                "sha256:bb48b89aa8d62145758992095b6b7c323815482364b684b8e3318a8a2c64eb16",
                "sha256:c002faf238ac765df5b18a0bed5a8dbeab36bf4bc2a7253899769ae615fd74df",
                "sha256:df2ac8fa4047afa38940b3f96db91764deb94fd8d275e639a02e779493724be4",
                "sha256:efec783301d893fc7fe059abf4737a08cfb07a3189f7bbfcce558b2bb9787d25"
            ],
            "index": "pypi",
            "version": "==0.98"
        },
        "markdown": {
            "hashes": [
                "sha256:1fafe3f1ecabfb514a5285fca634a53c1b32a81cb0feb154264d55bf2ff22c17",
                "sha256:c467cd6233885534bf0fe96e62e3cf46cfc1605112356c4f9981512b8174de59"
            ],
            "version": "==3.2.2"
        },
        "matplotlib": {
            "hashes": [
                "sha256:2466d4dddeb0f5666fd1e6736cc5287a4f9f7ae6c1a9e0779deff798b28e1d35",
                "sha256:282b3fc8023c4365bad924d1bb442ddc565c2d1635f210b700722776da466ca3",
                "sha256:4bb50ee4755271a2017b070984bcb788d483a8ce3132fab68393d1555b62d4ba",
                "sha256:56d3147714da5c7ac4bc452d041e70e0e0b07c763f604110bd4e2527f320b86d",
                "sha256:7a9baefad265907c6f0b037c8c35a10cf437f7708c27415a5513cf09ac6d6ddd",
                "sha256:aae7d107dc37b4bb72dcc45f70394e6df2e5e92ac4079761aacd0e2ad1d3b1f7",
                "sha256:af14e77829c5b5d5be11858d042d6f2459878f8e296228c7ea13ec1fd308eb68",
                "sha256:c1cf735970b7cd424502719b44288b21089863aaaab099f55e0283a721aaf781",
                "sha256:ce378047902b7a05546b6485b14df77b2ff207a0054e60c10b5680132090c8ee",
                "sha256:d35891a86a4388b6965c2d527b9a9f9e657d9e110b0575ca8a24ba0d4e34b8fc",
                "sha256:e06304686209331f99640642dee08781a9d55c6e32abb45ed54f021f46ccae47",
                "sha256:e20ba7fb37d4647ac38f3c6d8672dd8b62451ee16173a0711b37ba0ce42bf37d",
                "sha256:f4412241e32d0f8d3713b68d3ca6430190a5e8a7c070f1c07d7833d8c5264398",
                "sha256:ffe2f9cdcea1086fc414e82f42271ecf1976700b8edd16ca9d376189c6d93aee"
            ],
            "index": "pypi",
            "version": "==3.2.1"
        },
        "networkx": {
            "hashes": [
                "sha256:cdfbf698749a5014bf2ed9db4a07a5295df1d3a53bf80bf3cbd61edf9df05fa1",
                "sha256:f8f4ff0b6f96e4f9b16af6b84622597b5334bf9cae8cf9b2e42e7985d5c95c64"
            ],
            "version": "==2.4"
        },
        "numpy": {
            "hashes": [
                "sha256:00d7b54c025601e28f468953d065b9b121ddca7fff30bed7be082d3656dd798d",
                "sha256:02ec9582808c4e48be4e93cd629c855e644882faf704bc2bd6bbf58c08a2a897",
                "sha256:0e6f72f7bb08f2f350ed4408bb7acdc0daba637e73bce9f5ea2b207039f3af88",
                "sha256:1be2e96314a66f5f1ce7764274327fd4fb9da58584eaff00b5a5221edefee7d6",
                "sha256:2466fbcf23711ebc5daa61d28ced319a6159b260a18839993d871096d66b93f7",
                "sha256:2b573fcf6f9863ce746e4ad00ac18a948978bb3781cffa4305134d31801f3e26",
                "sha256:3f0dae97e1126f529ebb66f3c63514a0f72a177b90d56e4bce8a0b5def34627a",
                "sha256:50fb72bcbc2cf11e066579cb53c4ca8ac0227abb512b6cbc1faa02d1595a2a5d",
                "sha256:57aea170fb23b1fd54fa537359d90d383d9bf5937ee54ae8045a723caa5e0961",
                "sha256:709c2999b6bd36cdaf85cf888d8512da7433529f14a3689d6e37ab5242e7add5",
                "sha256:7d59f21e43bbfd9a10953a7e26b35b6849d888fc5a331fa84a2d9c37bd9fe2a2",
                "sha256:904b513ab8fbcbdb062bed1ce2f794ab20208a1b01ce9bd90776c6c7e7257032",
                "sha256:96dd36f5cdde152fd6977d1bbc0f0561bccffecfde63cd397c8e6033eb66baba",
                "sha256:9933b81fecbe935e6a7dc89cbd2b99fea1bf362f2790daf9422a7bb1dc3c3085",
                "sha256:bbcc85aaf4cd84ba057decaead058f43191cc0e30d6bc5d44fe336dc3d3f4509",
                "sha256:dccd380d8e025c867ddcb2f84b439722cf1f23f3a319381eac45fd077dee7170",
                "sha256:e22cd0f72fc931d6abc69dc7764484ee20c6a60b0d0fee9ce0426029b1c1bdae",
                "sha256:ed722aefb0ebffd10b32e67f48e8ac4c5c4cf5d3a785024fdf0e9eb17529cd9d",
                "sha256:efb7ac5572c9a57159cf92c508aad9f856f1cb8e8302d7fdb99061dbe52d712c",
                "sha256:efdba339fffb0e80fcc19524e4fdbda2e2b5772ea46720c44eaac28096d60720",
                "sha256:f22273dd6a403ed870207b853a856ff6327d5cbce7a835dfa0645b3fc00273ec"
            ],
            "index": "pypi",
            "version": "==1.18.4"
        },
        "oauthlib": {
            "hashes": [
                "sha256:bee41cc35fcca6e988463cacc3bcb8a96224f470ca547e697b604cc697b2f889",
                "sha256:df884cd6cbe20e32633f1db1072e9356f53638e4361bef4e8b03c9127c9328ea"
            ],
            "version": "==3.1.0"
        },
        "onnx": {
            "hashes": [
                "sha256:1106314af008bb27d27caca8f436dcdba68b661d7fdc804450718197f552d675",
                "sha256:115c6a9dc0fdd17427175f3166307a913d2177e129acc5aa8149dc3e907e6548",
                "sha256:2fc7c56e119568aad94b9dca810f2f4ee55cffd3d1a0ba22eea6d148b90c03b6",
                "sha256:2fdae4499f098a9ffd48d009d0356c074ce047bf8073cf3ba4acb66cb438b51a",
                "sha256:303f5028c1d3b9feaa29890c5cfc78e9424bb143e9bfe04abc4948cbe44183d4",
                "sha256:3438965d54bf20e1ed9bd2d7fde7e21e6bfd71c65d36eb9706478f77b323e93d",
                "sha256:46ce9aa1abf654cf41027e30b8577ffbf8df6f119087aa94b2ba31d3c4c7a097",
                "sha256:483f642ed583a0bd7d54cf4d75392194205098efb416afd9d4db1b3655fe65a3",
                "sha256:48ff41c0fcc4c5898cc3bc861c00925b21b8dd6184fc576c7b677e6b66afb485",
                "sha256:4ee18e6b1589ed32f2ace1a88fd42df89e20ea62a61c50d9506757b19c5cd31c",
                "sha256:52e4615bfcecb27ad433186aba1b7931b70754563c8c2af6c9821f86cf2baeb9",
                "sha256:5e7abaaf71c9403354c406cf20975c1499399247e1f98b5a446a700d977bd948",
                "sha256:628aee3f3789cf5611713d9bb80dc2e0fd084d00bf272380309926992a428c0b",
                "sha256:7101f6e25638afa39c114414c900511f394bd8c8a8a535874350069253e9fe54",
                "sha256:72a465eaf5ab72eaf69fd8eec0964773e0f67bbc54b87bb4dfb1c561807fae24",
                "sha256:7f47a2b320b24efc9a31ea47d2cad38d56675253c23d02fac3e8cd7fc291c7ae",
                "sha256:818b28bcbf5572d8e87ae743cb09eea8ad6b1069350c9047d4ca43b644c3fe6e",
                "sha256:881fd8e7146272de22c049002dd9c05a51e0564ee51b9d0d19463fd876f4bbe6",
                "sha256:891a0bdfe7ea91475a71a9957e5fa705455bfb51113ba48fcd8e40b882f33c00",
                "sha256:95eab1dd6fe2a2834647c8c18ce75764a5475185e9c9544544e81255d2651098",
                "sha256:99324e91cdd62c05bcb753d1a2b4f6824c00d3a0ce6451a713d6d1f63143f6fc",
                "sha256:be5cf7738268b8c2715ad4c79a8511a5cfd53c43c1b36d7688240c180345127d",
                "sha256:be87e6fea7864a578497b66a8f2a65c8b274dee49da4d23e98831814fbc8f0ab",
                "sha256:e226771789c344bfe8cd46224e4a355463b6ee34ed3de04755f073787f0e44f7",
                "sha256:ee7c105fc6eb84a09dfd4704eeb06c8020bc41bd5c57a401708e2e035601d4b9",
                "sha256:f44b8788e07db055f35d338d797bebda4ab184ce6e0b4ffda7806a18a1e04ea3",
                "sha256:fd046d96378f30239fe1baa5032b3924354d8e246e2261be95fab76ac5c02a83",
                "sha256:fda540476bf52350596b5107ed8fe74b0c56b9d2bfeec0b32aeae6fa2be70397"
            ],
            "index": "pypi",
            "version": "==1.7.0"
        },
        "onnxruntime-gpu": {
            "hashes": [
                "sha256:31fd830ff21937bc9109e2a298e1d994e907d57bb2242e54c0e8e9584b1f037b",
                "sha256:4267653cc576175568992b271555d02c344adefece92b28e3e1355fb767a8068",
                "sha256:5a01e29c9742c74909d098e6be1265d3573ecaf140381b759e9c48d993d98a39",
                "sha256:81be6a4e7bf9705af5ec25ca360f803367d27948a894a793b4fa1f1ef4ed7162",
                "sha256:d4867f2735bd3142d5a96ae4781cc1e3cbd5bfc8554ce2762fc978c09db61ca4",
                "sha256:e93f8ee212f17ea87065f0a183c49151d368c0b9b0f45d5b21a811182627b0f1",
                "sha256:f311fc10c8ce06ea4b9ac1e0568699718e115d494a804d8002ae8f7afbaaf98e"
            ],
            "index": "pypi",
            "version": "==1.2.0"
        },
        "opencv-contrib-python": {
            "hashes": [
                "sha256:0d3698df7120a85e5f94cb2cd309a40d4c516a13c10e47f8cd5d1117147059dd",
                "sha256:1f520803ebac7b3f4f8416a4af582bf6f1f9024cd738679508dc712e2df3699c",
                "sha256:254d0b5b02417ad0f12ca321ad3ed1b6982f2b0733a7c5c620434a49b37909fc",
                "sha256:2b7901ece00fe9e37d4ca126ec96ab638f6cef8fa0bfa38e7b9daeb5306f8067",
                "sha256:30b4ff5e2e3052860c9b7c825d54dbc170e7181d17600f17ac3b0674312a42d0",
                "sha256:49e051f9101e67945b8417b5529e3a9bf624b042e4db9c5c5461c6726c6a6bf4",
                "sha256:67553ce62075ef5b3005bdf524d7ae8980d3006b5e7dec9037c6db4153db37c0",
                "sha256:6d745e6806b5d6844faee610c6ea37d34e600cdc33c68322697f90e9d5c1e379",
                "sha256:97075b8021ea0739de2370ca7d88b1ff50fb7d10dd4e33325e70e1b29f77e788",
                "sha256:a1d052df7eb7f5d866c432811ddfe94bcafc0299360abae4243dcad7312294a4",
                "sha256:aa64e1062ac78ff7c11dea06b00af138ca77620c09994c47c01a80f85bceed33",
                "sha256:ab5b9a36d90f8919d29b31c7f000fc79fd745fa41e71bab282996a4792ced1f4",
                "sha256:b08d709530d2136336861e64734a29a6dcfdd86dd098f2c1c4ff7f1edc86abb2",
                "sha256:b30432bca00f258547390fd7c68cc9a8fee1e6a79b29245a6f5c611a943d3910",
                "sha256:c32d626d8688fbe9896ebfb5956242e2c6edf57f8d40660e30667d56a5f0eb17",
                "sha256:c637f3c58dfb3a835790203d06715058ca4851d7d0d0a83535f5df482f3024c0",
                "sha256:e1f1446ad583ee7381308ef7c21712110a579d32184c871e772fe5dd1832a1c5",
                "sha256:ed6071753afac22109597ba5698fd35fed542fd16c4e005892a13ddf6b99dfd1",
                "sha256:f265398d3243e4dc0d1f436d2f0eb2ebd91d0a7adb7c22da485e48c8dbb10d35",
                "sha256:f709131bfb9235e8fa2ded9c4729c2639c569438d905d2b9d096a4553963e083"
            ],
            "index": "pypi",
            "version": "==4.2.0.34"
        },
        "opt-einsum": {
            "hashes": [
                "sha256:83b76a98d18ae6a5cc7a0d88955a7f74881f0e567a0f4c949d24c942753eb998",
                "sha256:96f819d46da2f937eaf326336a114aaeccbcbdb9de460d42e8b5f480a69adca7"
            ],
            "version": "==3.2.1"
        },
        "packaging": {
            "hashes": [
                "sha256:3c292b474fda1671ec57d46d739d072bfd495a4f51ad01a055121d81e952b7a3",
                "sha256:82f77b9bee21c1bafbf35a84905d604d5d1223801d639cf3ed140bd651c08752"
            ],
            "version": "==20.3"
        },
        "pillow": {
            "hashes": [
                "sha256:04766c4930c174b46fd72d450674612ab44cca977ebbcc2dde722c6933290107",
                "sha256:0e2a3bceb0fd4e0cb17192ae506d5f082b309ffe5fc370a5667959c9b2f85fa3",
                "sha256:0f01e63c34f0e1e2580cc0b24e86a5ccbbfa8830909a52ee17624c4193224cd9",
                "sha256:12e4bad6bddd8546a2f9771485c7e3d2b546b458ae8ff79621214119ac244523",
                "sha256:1f694e28c169655c50bb89a3fa07f3b854d71eb47f50783621de813979ba87f3",
                "sha256:3d25dd8d688f7318dca6d8cd4f962a360ee40346c15893ae3b95c061cdbc4079",
                "sha256:4b02b9c27fad2054932e89f39703646d0c543f21d3cc5b8e05434215121c28cd",
                "sha256:9744350687459234867cbebfe9df8f35ef9e1538f3e729adbd8fde0761adb705",
                "sha256:a0b49960110bc6ff5fead46013bcb8825d101026d466f3a4de3476defe0fb0dd",
                "sha256:ae2b270f9a0b8822b98655cb3a59cdb1bd54a34807c6c56b76dd2e786c3b7db3",
                "sha256:b37bb3bd35edf53125b0ff257822afa6962649995cbdfde2791ddb62b239f891",
                "sha256:b532bcc2f008e96fd9241177ec580829dee817b090532f43e54074ecffdcd97f",
                "sha256:b67a6c47ed963c709ed24566daa3f95a18f07d3831334da570c71da53d97d088",
                "sha256:b943e71c2065ade6fef223358e56c167fc6ce31c50bc7a02dd5c17ee4338e8ac",
                "sha256:ccc9ad2460eb5bee5642eaf75a0438d7f8887d484490d5117b98edd7f33118b7",
                "sha256:d23e2aa9b969cf9c26edfb4b56307792b8b374202810bd949effd1c6e11ebd6d",
                "sha256:eaa83729eab9c60884f362ada982d3a06beaa6cc8b084cf9f76cae7739481dfa",
                "sha256:ee94fce8d003ac9fd206496f2707efe9eadcb278d94c271f129ab36aa7181344",
                "sha256:f455efb7a98557412dc6f8e463c1faf1f1911ec2432059fa3e582b6000fc90e2",
                "sha256:f46e0e024346e1474083c729d50de909974237c72daca05393ee32389dabe457",
                "sha256:f54be399340aa602066adb63a86a6a5d4f395adfdd9da2b9a0162ea808c7b276",
                "sha256:f784aad988f12c80aacfa5b381ec21fd3f38f851720f652b9f33facc5101cf4d"
            ],
            "index": "pypi",
            "version": "==7.1.2"
        },
        "polygon3": {
            "hashes": [
                "sha256:382aecaf1b550134aa71cc9c0f880a244e0ac5273e05bf898f5a6cde5bff9e2c",
                "sha256:889abfe4328cfefa6a7c2cc38f31f48b7c04efeafc197d14461caec168904efc",
                "sha256:a8b494c2364a80e0ff5dea74c9cce1b86bd0b94170d171743f4b88be21585874",
                "sha256:aade97636b0b3be32dacb1922a991a5fc0899a9a4ea42bc1780d83c3291bf50c",
                "sha256:ad8f4d5fbef7a9035991f7536505ea016076472668a46943a4a740f856fc68d9",
                "sha256:b34938ddfb70ddca17b7aae96a5ca66fdf1c1f3ab1df1b4d671e89e7424b1d2f"
            ],
            "index": "pypi",
            "version": "==3.0.8"
        },
        "pooch": {
            "hashes": [
                "sha256:453448b430ab4821178a5a5271bffece8163d4ca4e282a470f5700d55d26c697",
                "sha256:b29687cd3a553d96d73c1fcbaa7551ff5b02a5503bdcd0fa1b1c96d18049d2c3"
            ],
            "version": "==1.1.0"
        },
        "protobuf": {
            "hashes": [
                "sha256:03b31ec00ad94d4947fd87f49b288e60f443370fd1927fae80411d2dd864fbb5",
                "sha256:0b845c1fb8f36be203cd2ca9e405a22ee2cec2ed87d180b067d7c063f5701633",
                "sha256:0d1fec40323c8e10812897c71453c33401f6ccc6ade98c5a3fef1f019de797e6",
                "sha256:375ab5683efc946d1340dcf53dd422ccb55fbe88c0e16408182ca9a73248d91e",
                "sha256:3c5a1a0acd42a3fa39ce0b1436cd7faaa1e77ecaac58cd87101f56b2fe99f628",
                "sha256:3f01f6a479aff857615f2decaba773470816727fa6be6291866bd966d6ae3c61",
                "sha256:4cae6edd604ddbbaadd90da13df06fdf399d3fa9f19950e78340ab69f59f103c",
                "sha256:4edae95bff0e4a010059462b4a0116366863573c105ba689fc19ed9dae16888d",
                "sha256:67412c3eb0299a2c908d86dea1ceab9e65558684abd2f53e9f85ae28f03ba7b3",
                "sha256:8765978e2e553a7a9a7d4aa64b957f111a0358d85d799e378dc458b653ea2de5",
                "sha256:8bba760eb61044120cb91552f55c4b2fa3a80c8639fae8583b53b3e3a7e8da56",
                "sha256:996542402404aa8577defcdebbf9a0780bd96c7af2f562eefd4542716ca369a1",
                "sha256:a4cb8388c3f75d36ac51667e678f4c3096f672229d3e68d1db18675d4f59e5a2",
                "sha256:b8404d27772f130299185e20e4379a2b3450c7d1197396131cc2ec4626db75cb",
                "sha256:b9c9692d2842ff7846b0c2574be8e921247b7c377f4c03cd6370aef077fb652c",
                "sha256:caed753a89e5ffc2fbbf624926eacc3924c884181374bd3ddf54ca0a2903eb11"
            ],
            "version": "==3.12.0rc1"
        },
        "pyasn1": {
            "hashes": [
                "sha256:39c7e2ec30515947ff4e87fb6f456dfc6e84857d34be479c9d4a4ba4bf46aa5d",
                "sha256:aef77c9fb94a3ac588e87841208bdec464471d9871bd5050a287cc9a475cd0ba"
            ],
            "version": "==0.4.8"
        },
        "pyasn1-modules": {
            "hashes": [
                "sha256:905f84c712230b2c592c19470d3ca8d552de726050d1d1716282a1f6146be65e",
                "sha256:a50b808ffeb97cb3601dd25981f6b016cbb3d31fbf57a8b8a87428e6158d0c74"
            ],
            "version": "==0.2.8"
        },
        "pyparsing": {
            "hashes": [
                "sha256:67199f0c41a9c702154efb0e7a8cc08accf830eb003b4d9fa42c4059002e2492",
                "sha256:700d17888d441604b0bd51535908dcb297561b040819cccde647a92439db5a2a"
            ],
            "version": "==3.0.0a1"
        },
        "python-dateutil": {
            "hashes": [
                "sha256:73ebfe9dbf22e832286dafa60473e4cd239f8592f699aa5adaf10050e6e1823c",
                "sha256:75bb3f31ea686f1197762692a9ee6a7550b59fc6ca3a1f4b5d7e32fb98e2da2a"
            ],
            "version": "==2.8.1"
        },
        "pywavelets": {
            "hashes": [
                "sha256:076ca8907001fdfe4205484f719d12b4a0262dfe6652fa1cfc3c5c362d14dc84",
                "sha256:18a51b3f9416a2ae6e9a35c4af32cf520dd7895f2b69714f4aa2f4342fca47f9",
                "sha256:1a64b40f6acb4ffbaccce0545d7fc641744f95351f62e4c6aaa40549326008c9",
                "sha256:35959c041ec014648575085a97b498eafbbaa824f86f6e4a59bfdef8a3fe6308",
                "sha256:55e39ec848ceec13c9fa1598253ae9dd5c31d09dfd48059462860d2b908fb224",
                "sha256:6162dc0ae04669ea04b4b51420777b9ea2d30b0a9d02901b2a3b4d61d159c2e9",
                "sha256:68b5c33741d26c827074b3d8f0251de1c3019bb9567b8d303eb093c822ce28f1",
                "sha256:720dbcdd3d91c6dfead79c80bf8b00a1d8aa4e5d551dc528c6d5151e4efc3403",
                "sha256:7947e51ca05489b85928af52a34fe67022ab5b81d4ae32a4109a99e883a0635e",
                "sha256:79f5b54f9dc353e5ee47f0c3f02bebd2c899d49780633aa771fed43fa20b3149",
                "sha256:80b924edbc012ded8aa8b91cb2fd6207fb1a9a3a377beb4049b8a07445cec6f0",
                "sha256:889d4c5c5205a9c90118c1980df526857929841df33e4cd1ff1eff77c6817a65",
                "sha256:935ff247b8b78bdf77647fee962b1cc208c51a7b229db30b9ba5f6da3e675178",
                "sha256:98b2669c5af842a70cfab33a7043fcb5e7535a690a00cd251b44c9be0be418e5",
                "sha256:9e2528823ccf5a0a1d23262dfefe5034dce89cd84e4e124dc553dfcdf63ebb92",
                "sha256:bc5e87b72371da87c9bebc68e54882aada9c3114e640de180f62d5da95749cd3",
                "sha256:be105382961745f88d8196bba5a69ee2c4455d87ad2a2e5d1eed6bd7fda4d3fd",
                "sha256:c06d2e340c7bf8b9ec71da2284beab8519a3908eab031f4ea126e8ccfc3fd567",
                "sha256:cfe79844526dd92e3ecc9490b5031fca5f8ab607e1e858feba232b1b788ff0ea",
                "sha256:d510aef84d9852653d079c84f2f81a82d5d09815e625f35c95714e7364570ad4",
                "sha256:e02a0558e0c2ac8b8bbe6a6ac18c136767ec56b96a321e0dfde2173adfa5a504"
            ],
            "version": "==1.1.1"
        },
        "pyyaml": {
            "hashes": [
                "sha256:06a0d7ba600ce0b2d2fe2e78453a470b5a6e000a985dd4a4e54e436cc36b0e97",
                "sha256:240097ff019d7c70a4922b6869d8a86407758333f02203e0fc6ff79c5dcede76",
                "sha256:4f4b913ca1a7319b33cfb1369e91e50354d6f07a135f3b901aca02aa95940bd2",
                "sha256:69f00dca373f240f842b2931fb2c7e14ddbacd1397d57157a9b005a6a9942648",
                "sha256:73f099454b799e05e5ab51423c7bcf361c58d3206fa7b0d555426b1f4d9a3eaf",
                "sha256:74809a57b329d6cc0fdccee6318f44b9b8649961fa73144a98735b0aaf029f1f",
                "sha256:7739fc0fa8205b3ee8808aea45e968bc90082c10aef6ea95e855e10abf4a37b2",
                "sha256:95f71d2af0ff4227885f7a6605c37fd53d3a106fcab511b8860ecca9fcf400ee",
                "sha256:b8eac752c5e14d3eca0e6dd9199cd627518cb5ec06add0de9d32baeee6fe645d",
                "sha256:cc8955cfbfc7a115fa81d85284ee61147059a753344bc51098f3ccd69b0d7e0c",
                "sha256:d13155f591e6fcc1ec3b30685d50bf0711574e2c0dfffd7644babf8b5102ca1a"
            ],
            "index": "pypi",
            "version": "==5.3.1"
        },
        "requests": {
            "hashes": [
                "sha256:43999036bfa82904b6af1d99e4882b560e5e2c68e5c4b0aa03b655f3d7d73fee",
                "sha256:b3f43d496c6daba4493e7c431722aeb7dbc6288f52a6e04e7b6023b0247817e6"
            ],
            "version": "==2.23.0"
        },
        "requests-oauthlib": {
            "hashes": [
                "sha256:7f71572defaecd16372f9006f33c2ec8c077c3cfa6f5911a9a90202beb513f3d",
                "sha256:b4261601a71fd721a8bd6d7aa1cc1d6a8a93b4a9f5e96626f8e4d91e8beeaa6a"
            ],
            "version": "==1.3.0"
        },
        "rsa": {
            "hashes": [
                "sha256:14ba45700ff1ec9eeb206a2ce76b32814958a98e372006c8fb76ba820211be66",
                "sha256:1a836406405730121ae9823e19c6e806c62bbad73f890574fff50efa4122c487"
            ],
            "version": "==4.0"
        },
        "scikit-image": {
            "hashes": [
                "sha256:11bcc65ca2927c1842212b37ab64fe589a3eb6de375ea09cea0d7cd99bbde418",
                "sha256:1247803e7afad51b4257fc6e7187eb4da63c8d8d2d51888baaca818b3a814ca9",
                "sha256:1e2e2cf2572549bdb20b88a0f0ac275eea9f04f78b2b6973afdc3f329a73c75c",
                "sha256:45629ef09d96739a575136fa28a8fd0b709d132325a140cdc8c8375df180c456",
                "sha256:9cb106875c11236e4b1a04725c86745e2d65b32887cd2febbd0061c88491181b",
                "sha256:a5d5d38842eaeb8feaa8427fb76240208feefc8d1b0afe109999a5458fe07455",
                "sha256:a5f0c923ebac6e53286c07df79141e236cc161a463ea4a9edf4042a9db495e7b",
                "sha256:acd5e9176e1fbc2ed869cc781b128471ffd3e1e60b267ffc532230c4dc2808df",
                "sha256:bec5ea27cd975cbdcd1688c8631852f578e63bd26a4645dd03ed6f596fe2fc24",
                "sha256:d402c947b9af4e42c875e4b80bad26c8aced87b791931d6ca020dc509ec7e108",
                "sha256:d42c6b87e25905e867c4038a08ef790ba1ac7764a1830a4bb89955d159e69ff4",
                "sha256:f4cd4464792d744c6f4c1cf7f0aea9945ea7664eaf5124f783703a1df80560f5",
                "sha256:ff9521c170b4f8081825e675879f2cbd14f4a7572111fad8fc2c6ec82ba705f3"
            ],
            "index": "pypi",
            "version": "==0.17.1"
        },
        "scipy": {
            "hashes": [
                "sha256:00af72998a46c25bdb5824d2b729e7dabec0c765f9deb0b504f928591f5ff9d4",
                "sha256:0902a620a381f101e184a958459b36d3ee50f5effd186db76e131cbefcbb96f7",
                "sha256:1e3190466d669d658233e8a583b854f6386dd62d655539b77b3fa25bfb2abb70",
                "sha256:2cce3f9847a1a51019e8c5b47620da93950e58ebc611f13e0d11f4980ca5fecb",
                "sha256:3092857f36b690a321a662fe5496cb816a7f4eecd875e1d36793d92d3f884073",
                "sha256:386086e2972ed2db17cebf88610aab7d7f6e2c0ca30042dc9a89cf18dcc363fa",
                "sha256:71eb180f22c49066f25d6df16f8709f215723317cc951d99e54dc88020ea57be",
                "sha256:770254a280d741dd3436919d47e35712fb081a6ff8bafc0f319382b954b77802",
                "sha256:787cc50cab3020a865640aba3485e9fbd161d4d3b0d03a967df1a2881320512d",
                "sha256:8a07760d5c7f3a92e440ad3aedcc98891e915ce857664282ae3c0220f3301eb6",
                "sha256:8d3bc3993b8e4be7eade6dcc6fd59a412d96d3a33fa42b0fa45dc9e24495ede9",
                "sha256:9508a7c628a165c2c835f2497837bf6ac80eb25291055f56c129df3c943cbaf8",
                "sha256:a144811318853a23d32a07bc7fd5561ff0cac5da643d96ed94a4ffe967d89672",
                "sha256:a1aae70d52d0b074d8121333bc807a485f9f1e6a69742010b33780df2e60cfe0",
                "sha256:a2d6df9eb074af7f08866598e4ef068a2b310d98f87dc23bd1b90ec7bdcec802",
                "sha256:bb517872058a1f087c4528e7429b4a44533a902644987e7b2fe35ecc223bc408",
                "sha256:c5cac0c0387272ee0e789e94a570ac51deb01c796b37fb2aad1fb13f85e2f97d",
                "sha256:cc971a82ea1170e677443108703a2ec9ff0f70752258d0e9f5433d00dda01f59",
                "sha256:dba8306f6da99e37ea08c08fef6e274b5bf8567bb094d1dbe86a20e532aca088",
                "sha256:dc60bb302f48acf6da8ca4444cfa17d52c63c5415302a9ee77b3b21618090521",
                "sha256:dee1bbf3a6c8f73b6b218cb28eed8dd13347ea2f87d572ce19b289d6fd3fbc59"
            ],
            "index": "pypi",
            "version": "==1.4.1"
        },
        "six": {
            "hashes": [
                "sha256:236bdbdce46e6e6a3d61a337c0f8b763ca1e8717c03b369e87a7ec7ce1319c0a",
                "sha256:8f3cd2e254d8f793e7f3d6d9df77b92252b52637291d0f0da013c76ea2724b6c"
            ],
            "index": "pypi",
            "version": "==1.14.0"
        },
        "tensorboard": {
            "hashes": [
                "sha256:9a2a2dc9856187679e93f3c95e5dc771dd47e3257db09767b4be118d734b4dc2"
            ],
            "version": "==2.2.1"
        },
        "tensorboard-plugin-wit": {
            "hashes": [
                "sha256:1fdf4ac343f1665453205aef8bb227b0204893bb5ffb792d2ed4509b1daf3d4f",
                "sha256:243f117d117f9e81a21dc64b602b2bcb256ca5ba038867b96022d02271b17106"
            ],
            "version": "==1.6.0.post3"
        },
        "tensorflow-estimator": {
            "hashes": [
                "sha256:d09dacdd127f2579cea8d5af21f4a918036b8ae246adc82f26b61f91cc247dc2"
            ],
            "version": "==2.2.0"
        },
        "tensorflow-gpu": {
            "hashes": [
                "sha256:3cd3fa2b13a505902704a63d6b2f256cdc85ddfd6c70dc7093796b7e490d09c4",
                "sha256:453f0e3d8e56c47f4b374fba17cb5e0b57afbe34cd17f565b5498b5a0ccf33ac",
                "sha256:4c698dc157ba74aa69fc7bb41669f4f34f63f07bd722dd3b5aea33458a660066",
                "sha256:5853b595cf82f803d3dddc9b9c00996a514dcfc831d2f899f0bb8073795f6301",
                "sha256:845f261b0b922740bdd7f21fa3a4bed8ffd9e1712decd552fb33621da4d8ec45",
                "sha256:b706f0ed98d3c216ad65272c3a08a92f6fe7e38f57b54d3f9b5800043600e215",
                "sha256:ba1e16249cf9aa4057d0af443df493f8a1683be113703f6d7f184f144ac673e4",
                "sha256:f0b37fc5847987c1ca4f453273667497782a8920716a804f66247e0c095fef38"
            ],
            "index": "pypi",
            "version": "==2.2.0"
        },
        "termcolor": {
            "hashes": [
                "sha256:1d6d69ce66211143803fbc56652b41d73b4a400a2891d7bf7a1cdf4c02de613b"
            ],
            "version": "==1.1.0"
        },
        "tfa-nightly": {
            "hashes": [
                "sha256:202861cf5ee534b79c6fd0774a6478b117b6c21aa84b53a0b5a735b5b46716b3",
                "sha256:3a875f1316924e2411598ee77d18afab7f9a5529f885fd1582fc71625a7376d4",
                "sha256:48944cae878aacac6ec7cf5786f6ebe81c3e0d20a551c14f25d8abad45f0944e",
                "sha256:57626523d96da87e340b9de5f5647b8d66cd47c1ff42fa349690f079baf81ac1",
                "sha256:5843556cb169a1147c8b554af3acdb38d76ad573dbcb3ebea82c9984470e497e",
                "sha256:59ea753a05b6ad6fb6917cf6eaa2ea1a43fc61b3ba82a8ceac7017b48ab45ac7",
                "sha256:76e8ba450308ec83f4b3e900d8e99fab50e8df73b1d34fbb7754837a00dfd522",
                "sha256:98fc0cc9a84edff22431873b5570a696b05adfbc201ace6ebe9ee823f3c4ffce",
                "sha256:a2ee5700fe3beb6e2365955012fa251e550d3747efb99c402db1470938649154",
                "sha256:bfb645c98e0547266629e92994a0e17f10dba2f0d2664a6a873489655470cc60",
                "sha256:ec9e8b01de5a081fb92fc28939a28294239b195961ffe33500a0346e2a1a2c9c",
                "sha256:f8ffd39bf34408eb39708869ddec82bf2b4f32f5695a0505cc187c31fc486b56"
            ],
            "index": "pypi",
            "version": "==0.10.0.dev20200512151714"
        },
        "tifffile": {
            "hashes": [
                "sha256:2e110ea3a6381df534261a85091490a5678faa4535aa14cc11b8ea8379dcbf01",
                "sha256:abfce379f2b4b97759796c1489ea0e73c349fc71bf09bea2a5d076cbe7cfd4eb"
            ],
            "version": "==2020.5.11"
        },
        "torch": {
            "hashes": [
                "sha256:3cc72d36eaeda96488e3a29373f739b887338952417b3e1620871063bf5d14d2",
                "sha256:402951484443bb49b5bc2129414ac6c644c07b8378e79922cf3645fd08cbfdc9",
                "sha256:6fcfe5deaf0788bbe8639869d3c752ff5fe1bdedce11c7ed2d44379b1fbe6d6c",
                "sha256:7f3d6af2d7e2576b9640aa684f0c18a773efffe8b37f9056272287345c1dcba5",
                "sha256:865d4bec21542647e0822e8b753e05d67eee874974a3937273f710edd99a7516",
                "sha256:931b79aed9aba50bf314214be6efaaf7972ea9539a3d63f82622bc5860a1fd81",
                "sha256:cb4412c6b00117ab5e014d07dac45b87f1e918e31fbb849e7e39f1f9140fff59",
                "sha256:dfaac4c5d27ac80705956743c34fb1ab5fb37e1646a6c8e45f05f7e739f6ea7c",
                "sha256:ecdc2ea4011e3ec04937b6b9e803ab671c3ac04e81b1df20354e01453e508b2f"
            ],
            "index": "pypi",
            "version": "==1.5.0"
        },
        "torchvision": {
            "hashes": [
                "sha256:0ea04a7e0f64599c158d36da01afd0cb3bc49033d2a145be4eb80c17c4c0482b",
                "sha256:0fa9e4a8381e5e04d0da0acd93f1429347053497ec343fe6d625b1b7fb2ce36e",
                "sha256:691d68f3726b7392fe37db7184aef8a6b6f7cf6ff38fae769b287b3d6e1eb69a",
                "sha256:6eb4e0d7dc61030447b98d412162f222a95d848b3b0e484a81282c057af6dd25",
                "sha256:8992f10a7860e0991766a788b546d5f11e3e7465e87a72eb9c78675dd2616400",
                "sha256:a9b08435fdadd89520a78f5a54d196c05878d1a15e37f760d43f72f10bae308f",
                "sha256:ea39bed9e9497a67c5f66e37d3d5a663a0284868ae8616de81f65c66d9ad802b",
                "sha256:f43dae3b348afa5778439913ba1f3f176362ffc9e684ef01dc54dae7cf1b82e4"
            ],
            "index": "pypi",
            "version": "==0.6.0"
        },
        "typeguard": {
            "hashes": [
                "sha256:1d3710251d3d3d6c64e0c49f45edec2e88ddc386a51e89c3ec0703efeb8b3b81",
                "sha256:2d545c71e9439c21bcd7c28f5f55b3606e6106f7031ab58375656a1aed483ef2"
            ],
            "version": "==2.7.1"
        },
        "typing-extensions": {
            "hashes": [
                "sha256:6e95524d8a547a91e08f404ae485bbb71962de46967e1b71a0cb89af24e761c5",
                "sha256:79ee589a3caca649a9bfd2a8de4709837400dfa00b6cc81962a1e6a1815969ae",
                "sha256:f8d2bd89d25bc39dabe7d23df520442fa1d8969b82544370e03d88b5a591c392"
            ],
            "version": "==3.7.4.2"
        },
        "urllib3": {
            "hashes": [
                "sha256:3018294ebefce6572a474f0604c2021e33b3fd8006ecd11d62107a5d2a963527",
                "sha256:88206b0eb87e6d677d424843ac5209e3fb9d0190d0ee169599165ec25e9d9115"
            ],
            "version": "==1.25.9"
        },
        "werkzeug": {
            "hashes": [
                "sha256:2de2a5db0baeae7b2d2664949077c2ac63fbd16d98da0ff71837f7d1dea3fd43",
                "sha256:6c80b1e5ad3665290ea39320b91e1be1e0d5f60652b964a3070216de83d2e47c"
            ],
            "version": "==1.0.1"
        },
        "wheel": {
            "hashes": [
                "sha256:8788e9155fe14f54164c1b9eb0a319d98ef02c160725587ad60f14ddc57b6f96",
                "sha256:df277cb51e61359aba502208d680f90c0493adec6f0e848af94948778aed386e"
            ],
            "markers": "python_version >= '3'",
            "version": "==0.34.2"
        },
        "wrapt": {
            "hashes": [
                "sha256:b62ffa81fb85f4332a4f609cab4ac40709470da05643a082ec1eb88e6d9b97d7"
            ],
            "version": "==1.12.1"
        }
    },
    "develop": {}
}
